
Microsoft Visual Studio Solution File, Format Version 12.00
# Visual Studio 15
VisualStudioVersion = 15.0.28307.136
MinimumVisualStudioVersion = 10.0.40219.1
Project("{FAE04EC0-301F-11D3-BF4B-00C04F79EFBC}") = "BattleShipGame", "BattleShipGame\BattleShipGame.csproj", "{C5F1CD24-7034-4E95-803D-9BB401F70C38}"
EndProject
Project("{FAE04EC0-301F-11D3-BF4B-00C04F79EFBC}") = "BattleShipGame.Test", "BattleShipGame.Test\BattleShipGame.Test.csproj", "{2961852B-1868-42CE-800C-E5285C2DC6F6}"
EndProject
Project("{FAE04EC0-301F-11D3-BF4B-00C04F79EFBC}") = "BattleShipGame.Data", "BattleShipGame.Data\BattleShipGame.Data.csproj", "{3B250C8D-4252-4278-9D6B-E2798DCDF33A}"
EndProject
Project("{FAE04EC0-301F-11D3-BF4B-00C04F79EFBC}") = "BattleShipGame.BusinessLogic", "BattleShipGame.BusinessLogic\BattleShipGame.BusinessLogic.csproj", "{3E7BBBD0-0184-4231-946E-F71E28B460CE}"
EndProject
Project("{FAE04EC0-301F-11D3-BF4B-00C04F79EFBC}") = "BattleShipGame.Core", "BattleShipGame.Core\BattleShipGame.Core.csproj", "{AF2A23D9-AD99-4A07-8ADC-B2AD0C61F5B2}"
EndProject
Project("{FAE04EC0-301F-11D3-BF4B-00C04F79EFBC}") = "BattleShipGame.IoC", "BattleShipGame.IoC\BattleShipGame.IoC.csproj", "{FF2F077F-CEB9-40F7-8CF0-1FCBC6195351}"
EndProject
Global
	GlobalSection(SolutionConfigurationPlatforms) = preSolution
		Debug|Any CPU = Debug|Any CPU
		Release|Any CPU = Release|Any CPU
	EndGlobalSection
	GlobalSection(ProjectConfigurationPlatforms) = postSolution
		{C5F1CD24-7034-4E95-803D-9BB401F70C38}.Debug|Any CPU.ActiveCfg = Debug|Any CPU
		{C5F1CD24-7034-4E95-803D-9BB401F70C38}.Debug|Any CPU.Build.0 = Debug|Any CPU
		{C5F1CD24-7034-4E95-803D-9BB401F70C38}.Release|Any CPU.ActiveCfg = Release|Any CPU
		{C5F1CD24-7034-4E95-803D-9BB401F70C38}.Release|Any CPU.Build.0 = Release|Any CPU
		{2961852B-1868-42CE-800C-E5285C2DC6F6}.Debug|Any CPU.ActiveCfg = Debug|Any CPU
		{2961852B-1868-42CE-800C-E5285C2DC6F6}.Debug|Any CPU.Build.0 = Debug|Any CPU
		{2961852B-1868-42CE-800C-E5285C2DC6F6}.Release|Any CPU.ActiveCfg = Release|Any CPU
		{2961852B-1868-42CE-800C-E5285C2DC6F6}.Release|Any CPU.Build.0 = Release|Any CPU
		{3B250C8D-4252-4278-9D6B-E2798DCDF33A}.Debug|Any CPU.ActiveCfg = Debug|Any CPU
		{3B250C8D-4252-4278-9D6B-E2798DCDF33A}.Debug|Any CPU.Build.0 = Debug|Any CPU
		{3B250C8D-4252-4278-9D6B-E2798DCDF33A}.Release|Any CPU.ActiveCfg = Release|Any CPU
		{3B250C8D-4252-4278-9D6B-E2798DCDF33A}.Release|Any CPU.Build.0 = Release|Any CPU
		{3E7BBBD0-0184-4231-946E-F71E28B460CE}.Debug|Any CPU.ActiveCfg = Debug|Any CPU
		{3E7BBBD0-0184-4231-946E-F71E28B460CE}.Debug|Any CPU.Build.0 = Debug|Any CPU
		{3E7BBBD0-0184-4231-946E-F71E28B460CE}.Release|Any CPU.ActiveCfg = Release|Any CPU
		{3E7BBBD0-0184-4231-946E-F71E28B460CE}.Release|Any CPU.Build.0 = Release|Any CPU
		{AF2A23D9-AD99-4A07-8ADC-B2AD0C61F5B2}.Debug|Any CPU.ActiveCfg = Debug|Any CPU
		{AF2A23D9-AD99-4A07-8ADC-B2AD0C61F5B2}.Debug|Any CPU.Build.0 = Debug|Any CPU
		{AF2A23D9-AD99-4A07-8ADC-B2AD0C61F5B2}.Release|Any CPU.ActiveCfg = Release|Any CPU
		{AF2A23D9-AD99-4A07-8ADC-B2AD0C61F5B2}.Release|Any CPU.Build.0 = Release|Any CPU
		{FF2F077F-CEB9-40F7-8CF0-1FCBC6195351}.Debug|Any CPU.ActiveCfg = Debug|Any CPU
		{FF2F077F-CEB9-40F7-8CF0-1FCBC6195351}.Debug|Any CPU.Build.0 = Debug|Any CPU
		{FF2F077F-CEB9-40F7-8CF0-1FCBC6195351}.Release|Any CPU.ActiveCfg = Release|Any CPU
		{FF2F077F-CEB9-40F7-8CF0-1FCBC6195351}.Release|Any CPU.Build.0 = Release|Any CPU
	EndGlobalSection
	GlobalSection(SolutionProperties) = preSolution
		HideSolutionNode = FALSE
	EndGlobalSection
	GlobalSection(ExtensibilityGlobals) = postSolution
		SolutionGuid = {D14E7621-CF05-401F-8254-DB4AF935CDCD}
	EndGlobalSection
EndGlobal
